
Microsoft Visual Studio Solution File, Format Version 12.00
Project("{FAE04EC0-301F-11D3-BF4B-00C04F79EFBC}") = "MNM.Product.gRPC", "MNM.Product.gRPC\MNM.Product.gRPC.csproj", "{D6C7219C-CF33-4479-BF42-1099678C4D9A}"
EndProject
Global
	GlobalSection(SolutionConfigurationPlatforms) = preSolution
		Debug|Any CPU = Debug|Any CPU
		Release|Any CPU = Release|Any CPU
	EndGlobalSection
	GlobalSection(ProjectConfigurationPlatforms) = postSolution
		{D6C7219C-CF33-4479-BF42-1099678C4D9A}.Debug|Any CPU.ActiveCfg = Debug|Any CPU
		{D6C7219C-CF33-4479-BF42-1099678C4D9A}.Debug|Any CPU.Build.0 = Debug|Any CPU
		{D6C7219C-CF33-4479-BF42-1099678C4D9A}.Release|Any CPU.ActiveCfg = Release|Any CPU
		{D6C7219C-CF33-4479-BF42-1099678C4D9A}.Release|Any CPU.Build.0 = Release|Any CPU
	EndGlobalSection
EndGlobal
